PODS:
  - ChameleonFramework (2.1.0):
    - ChameleonFramework/Default (= 2.1.0)
  - ChameleonFramework/Default (2.1.0)
  - FMDB (2.7.5):
    - FMDB/standard (= 2.7.5)
  - FMDB/standard (2.7.5)
  - KafkaRefresh (1.3.0):
    - KafkaRefresh/Category (= 1.3.0)
    - KafkaRefresh/Configuration (= 1.3.0)
    - KafkaRefresh/Core (= 1.3.0)
    - KafkaRefresh/Default (= 1.3.0)
    - KafkaRefresh/Style (= 1.3.0)
    - KafkaRefresh/UIKit (= 1.3.0)
  - KafkaRefresh/Category (1.3.0)
  - KafkaRefresh/Configuration (1.3.0):
    - KafkaRefresh/UIKit/FootKit
    - KafkaRefresh/UIKit/HeadKit
  - KafkaRefresh/Core (1.3.0):
    - KafkaRefresh/Category
  - KafkaRefresh/Default (1.3.0):
    - KafkaRefresh/Style
  - KafkaRefresh/Style (1.3.0)
  - KafkaRefresh/UIKit (1.3.0):
    - KafkaRefresh/UIKit/FootKit (= 1.3.0)
    - KafkaRefresh/UIKit/HeadKit (= 1.3.0)
    - KafkaRefresh/UIKit/LayerKit (= 1.3.0)
  - KafkaRefresh/UIKit/FootKit (1.3.0):
    - KafkaRefresh/Category
    - KafkaRefresh/Core
    - KafkaRefresh/Default
    - KafkaRefresh/Style
    - KafkaRefresh/UIKit/LayerKit
  - KafkaRefresh/UIKit/HeadKit (1.3.0):
    - KafkaRefresh/Category
    - KafkaRefresh/Core
    - KafkaRefresh/Default
    - KafkaRefresh/Style
    - KafkaRefresh/UIKit/LayerKit
  - KafkaRefresh/UIKit/LayerKit (1.3.0):
    - KafkaRefresh/Category
    - KafkaRefresh/Default
  - PGDatePicker (2.6.7):
    - PGPickerView
  - PGPickerView (1.3.8)
  - SDAutoLayout (2.2.1)
  - YTKKeyValueStore (0.1.2):
    - FMDB (~> 2.0)

DEPENDENCIES:
  - ChameleonFramework
  - KafkaRefresh
  - PGDatePicker
  - SDAutoLayout
  - YTKKeyValueStore

SPEC REPOS:
  https://github.com/cocoapods/specs.git:
    - ChameleonFramework
    - FMDB
    - KafkaRefresh
    - PGDatePicker
    - PGPickerView
    - SDAutoLayout
    - YTKKeyValueStore

SPEC CHECKSUMS:
  ChameleonFramework: d21a3cc247abfe5e37609a283a8238b03575cf64
  FMDB: 2ce00b547f966261cd18927a3ddb07cb6f3db82a
  KafkaRefresh: 49c022888ee6444461f8c9599567e2b7dbc23f4d
  PGDatePicker: 2800906f7e3b66bb324aeb2a754065c563651e22
  PGPickerView: 037acfb132a4c8054fb43aaa59a5ff50c7f747f5
  SDAutoLayout: 8bf6b3bbc8b01f775d4defbb4fda2ace805461be
  YTKKeyValueStore: 4d002941540dd5108fa23009b71e0f2f937f7a0f

PODFILE CHECKSUM: a4e82f84157118626870be393038cf5b6beb48a2

COCOAPODS: 1.6.0.beta.2
